[[package]]
name = 'core'
source = 'path+from-root-AE2967028D5567DA'

[[package]]
name = 'interfaces'
source = 'path+from-root-5AF1946BB52DEA93'
dependencies = [
    'libraries',
    'std',
]

[[package]]
name = 'libraries'
source = 'path+from-root-5AF1946BB52DEA93'
dependencies = ['std']

[[package]]
name = 'pool'
source = 'member'
dependencies = [
    'interfaces',
    'libraries',
    'std',
]

[[package]]
name = 'std'
source = 'git+https://github.com/fuellabs/sway?tag=v0.31.1#c32b0759d25c0b515cbf535f9fb9b8e6fda38ff2'
dependencies = ['core']
