[[package]]
name = 'core'
source = 'path+from-root-FDF4A5DCC6ECD181'

[[package]]
name = 'interfaces'
source = 'path+from-root-C6D42B9BA04B5D93'
dependencies = [
    'libraries',
    'std',
]

[[package]]
name = 'libraries'
source = 'path+from-root-C6D42B9BA04B5D93'
dependencies = ['std']

[[package]]
name = 'std'
source = 'git+https://github.com/fuellabs/sway?tag=v0.37.0#607ac50176db8bef936f91bacf435d0ea37d041e'
dependencies = ['core']

[[package]]
name = 'transfer_manager_721_unsafe'
source = 'member'
dependencies = [
    'interfaces',
    'libraries',
    'std',
]
